
Microsoft Visual Studio Solution File, Format Version 12.00
# Visual Studio Version 17
VisualStudioVersion = 17.4.33122.133
MinimumVisualStudioVersion = 10.0.40219.1
Project("{2150E333-8FDC-42A3-9474-1A3956D46DE8}") = "src", "src", "{98FC642E-AAFE-4877-8FFC-CE4A84171C8A}"
EndProject
Project("{2150E333-8FDC-42A3-9474-1A3956D46DE8}") = "test", "test", "{7C1E8089-8F5D-41E7-A8E9-B84AD24090E2}"
EndProject
Project("{9A19103F-16F7-4668-BE54-9A1E7A4F7556}") = "Application", "src\Application\Application.csproj", "{8F26675E-12B3-4CD4-A094-7716500777B4}"
EndProject
Project("{9A19103F-16F7-4668-BE54-9A1E7A4F7556}") = "Contract", "src\Contract\Contract.csproj", "{CAAD5946-84F8-4B42-863E-ACE265F1102E}"
EndProject
Project("{9A19103F-16F7-4668-BE54-9A1E7A4F7556}") = "Domain", "src\Domain\Domain.csproj", "{D7983A72-A089-46A0-B32B-F440579C4450}"
EndProject
Project("{9A19103F-16F7-4668-BE54-9A1E7A4F7556}") = "Infrastructure", "src\Infrastructure\Infrastructure.csproj", "{B672D816-AF18-4213-9DC9-6E88260B8D68}"
EndProject
Project("{9A19103F-16F7-4668-BE54-9A1E7A4F7556}") = "Presentation", "src\Presentation\Presentation.csproj", "{5D7384C0-C8A0-4F10-AFBB-1D4F5A28BC09}"
EndProject
Project("{9A19103F-16F7-4668-BE54-9A1E7A4F7556}") = "ApplicationTest", "test\ApplicationTest\ApplicationTest.csproj", "{B84E9C11-55CE-4DA7-92CF-BF4CF893D801}"
EndProject
Project("{9A19103F-16F7-4668-BE54-9A1E7A4F7556}") = "DomainFaker", "test\DataFaker\DomainFaker.csproj", "{98C173E6-BEBD-4196-9663-234392432316}"
EndProject
Project("{9A19103F-16F7-4668-BE54-9A1E7A4F7556}") = "DomainTest", "test\DomainTest\DomainTest.csproj", "{96A07450-4E60-40D6-90CB-7095789D229C}"
EndProject
Project("{9A19103F-16F7-4668-BE54-9A1E7A4F7556}") = "InfrastructureTest", "test\InfrastructureTest\InfrastructureTest.csproj", "{E6690FFE-9E0F-4F8D-9BBB-B15C43431992}"
EndProject
Project("{9A19103F-16F7-4668-BE54-9A1E7A4F7556}") = "PresentationTest", "test\PresentationTest\PresentationTest.csproj", "{BC2814F9-674A-4119-B4B3-8AC86DCB9492}"
EndProject
Project("{2150E333-8FDC-42A3-9474-1A3956D46DE8}") = "common", "common", "{416F7616-C9D2-41A1-A5F2-699915850317}"
	ProjectSection(SolutionItems) = preProject
		DOCUMENTATION.txt = DOCUMENTATION.txt
		LICENSE.txt = LICENSE.txt
		README.md = README.md
		to_do.txt = to_do.txt
	EndProjectSection
EndProject
Global
	GlobalSection(SolutionConfigurationPlatforms) = preSolution
		Debug|Any CPU = Debug|Any CPU
		Release|Any CPU = Release|Any CPU
	EndGlobalSection
	GlobalSection(ProjectConfigurationPlatforms) = postSolution
		{B672D816-AF18-4213-9DC9-6E88260B8D68}.Debug|Any CPU.ActiveCfg = Debug|Any CPU
		{B672D816-AF18-4213-9DC9-6E88260B8D68}.Debug|Any CPU.Build.0 = Debug|Any CPU
		{B672D816-AF18-4213-9DC9-6E88260B8D68}.Release|Any CPU.ActiveCfg = Release|Any CPU
		{B672D816-AF18-4213-9DC9-6E88260B8D68}.Release|Any CPU.Build.0 = Release|Any CPU
		{D7983A72-A089-46A0-B32B-F440579C4450}.Debug|Any CPU.ActiveCfg = Debug|Any CPU
		{D7983A72-A089-46A0-B32B-F440579C4450}.Debug|Any CPU.Build.0 = Debug|Any CPU
		{D7983A72-A089-46A0-B32B-F440579C4450}.Release|Any CPU.ActiveCfg = Release|Any CPU
		{D7983A72-A089-46A0-B32B-F440579C4450}.Release|Any CPU.Build.0 = Release|Any CPU
		{5D7384C0-C8A0-4F10-AFBB-1D4F5A28BC09}.Debug|Any CPU.ActiveCfg = Debug|Any CPU
		{5D7384C0-C8A0-4F10-AFBB-1D4F5A28BC09}.Debug|Any CPU.Build.0 = Debug|Any CPU
		{5D7384C0-C8A0-4F10-AFBB-1D4F5A28BC09}.Release|Any CPU.ActiveCfg = Release|Any CPU
		{5D7384C0-C8A0-4F10-AFBB-1D4F5A28BC09}.Release|Any CPU.Build.0 = Release|Any CPU
		{8F26675E-12B3-4CD4-A094-7716500777B4}.Debug|Any CPU.ActiveCfg = Debug|Any CPU
		{8F26675E-12B3-4CD4-A094-7716500777B4}.Debug|Any CPU.Build.0 = Debug|Any CPU
		{8F26675E-12B3-4CD4-A094-7716500777B4}.Release|Any CPU.ActiveCfg = Release|Any CPU
		{8F26675E-12B3-4CD4-A094-7716500777B4}.Release|Any CPU.Build.0 = Release|Any CPU
		{96A07450-4E60-40D6-90CB-7095789D229C}.Debug|Any CPU.ActiveCfg = Debug|Any CPU
		{96A07450-4E60-40D6-90CB-7095789D229C}.Debug|Any CPU.Build.0 = Debug|Any CPU
		{96A07450-4E60-40D6-90CB-7095789D229C}.Release|Any CPU.ActiveCfg = Release|Any CPU
		{96A07450-4E60-40D6-90CB-7095789D229C}.Release|Any CPU.Build.0 = Release|Any CPU
		{E6690FFE-9E0F-4F8D-9BBB-B15C43431992}.Debug|Any CPU.ActiveCfg = Debug|Any CPU
		{E6690FFE-9E0F-4F8D-9BBB-B15C43431992}.Debug|Any CPU.Build.0 = Debug|Any CPU
		{E6690FFE-9E0F-4F8D-9BBB-B15C43431992}.Release|Any CPU.ActiveCfg = Release|Any CPU
		{E6690FFE-9E0F-4F8D-9BBB-B15C43431992}.Release|Any CPU.Build.0 = Release|Any CPU
		{B84E9C11-55CE-4DA7-92CF-BF4CF893D801}.Debug|Any CPU.ActiveCfg = Debug|Any CPU
		{B84E9C11-55CE-4DA7-92CF-BF4CF893D801}.Debug|Any CPU.Build.0 = Debug|Any CPU
		{B84E9C11-55CE-4DA7-92CF-BF4CF893D801}.Release|Any CPU.ActiveCfg = Release|Any CPU
		{B84E9C11-55CE-4DA7-92CF-BF4CF893D801}.Release|Any CPU.Build.0 = Release|Any CPU
		{BC2814F9-674A-4119-B4B3-8AC86DCB9492}.Debug|Any CPU.ActiveCfg = Debug|Any CPU
		{BC2814F9-674A-4119-B4B3-8AC86DCB9492}.Debug|Any CPU.Build.0 = Debug|Any CPU
		{BC2814F9-674A-4119-B4B3-8AC86DCB9492}.Release|Any CPU.ActiveCfg = Release|Any CPU
		{BC2814F9-674A-4119-B4B3-8AC86DCB9492}.Release|Any CPU.Build.0 = Release|Any CPU
		{CAAD5946-84F8-4B42-863E-ACE265F1102E}.Debug|Any CPU.ActiveCfg = Debug|Any CPU
		{CAAD5946-84F8-4B42-863E-ACE265F1102E}.Debug|Any CPU.Build.0 = Debug|Any CPU
		{CAAD5946-84F8-4B42-863E-ACE265F1102E}.Release|Any CPU.ActiveCfg = Release|Any CPU
		{CAAD5946-84F8-4B42-863E-ACE265F1102E}.Release|Any CPU.Build.0 = Release|Any CPU
		{98C173E6-BEBD-4196-9663-234392432316}.Debug|Any CPU.ActiveCfg = Debug|Any CPU
		{98C173E6-BEBD-4196-9663-234392432316}.Debug|Any CPU.Build.0 = Debug|Any CPU
		{98C173E6-BEBD-4196-9663-234392432316}.Release|Any CPU.ActiveCfg = Release|Any CPU
		{98C173E6-BEBD-4196-9663-234392432316}.Release|Any CPU.Build.0 = Release|Any CPU
	EndGlobalSection
	GlobalSection(SolutionProperties) = preSolution
		HideSolutionNode = FALSE
	EndGlobalSection
	GlobalSection(NestedProjects) = preSolution
		{B672D816-AF18-4213-9DC9-6E88260B8D68} = {98FC642E-AAFE-4877-8FFC-CE4A84171C8A}
		{D7983A72-A089-46A0-B32B-F440579C4450} = {98FC642E-AAFE-4877-8FFC-CE4A84171C8A}
		{5D7384C0-C8A0-4F10-AFBB-1D4F5A28BC09} = {98FC642E-AAFE-4877-8FFC-CE4A84171C8A}
		{8F26675E-12B3-4CD4-A094-7716500777B4} = {98FC642E-AAFE-4877-8FFC-CE4A84171C8A}
		{96A07450-4E60-40D6-90CB-7095789D229C} = {7C1E8089-8F5D-41E7-A8E9-B84AD24090E2}
		{E6690FFE-9E0F-4F8D-9BBB-B15C43431992} = {7C1E8089-8F5D-41E7-A8E9-B84AD24090E2}
		{B84E9C11-55CE-4DA7-92CF-BF4CF893D801} = {7C1E8089-8F5D-41E7-A8E9-B84AD24090E2}
		{BC2814F9-674A-4119-B4B3-8AC86DCB9492} = {7C1E8089-8F5D-41E7-A8E9-B84AD24090E2}
		{CAAD5946-84F8-4B42-863E-ACE265F1102E} = {98FC642E-AAFE-4877-8FFC-CE4A84171C8A}
		{98C173E6-BEBD-4196-9663-234392432316} = {7C1E8089-8F5D-41E7-A8E9-B84AD24090E2}
	EndGlobalSection
	GlobalSection(ExtensibilityGlobals) = postSolution
		SolutionGuid = {BDF78B84-7186-4887-A1DB-D06464B21854}
	EndGlobalSection
EndGlobal
